<?xml version="1.0" encoding="utf-8"?>
<Project ToolsVersion="4.0" xmlns="http://schemas.microsoft.com/developer/msbuild/2003">
  <ItemGroup>
    <Filter Include="core">
      <UniqueIdentifier>{4E40957C-3A77-960D-E363-7C10CF79120F}</UniqueIdentifier>
    </Filter>
    <Filter Include="core\gfx">
      <UniqueIdentifier>{E240D44A-CE0D-2F56-F726-1DFEE35264E4}</UniqueIdentifier>
    </Filter>
    <Filter Include="scenes">
      <UniqueIdentifier>{A602591B-92A4-83F1-7B5F-974567A00A42}</UniqueIdentifier>
    </Filter>
  </ItemGroup>
  <ItemGroup>
    <ClInclude Include="Application.h" />
    <ClInclude Include="Asset.h" />
    <ClInclude Include="Assets.h" />
    <ClInclude Include="Audio.h" />
    <ClInclude Include="BsfPch.h" />
    <ClInclude Include="CharacterAnimator.h" />
    <ClInclude Include="Common.h" />
    <ClInclude Include="CubeCamera.h" />
    <ClInclude Include="DisclaimerScene.h" />
    <ClInclude Include="EventEmitter.h" />
    <ClInclude Include="Font.h" />
    <ClInclude Include="Framebuffer.h" />
    <ClInclude Include="GameLogic.h" />
    <ClInclude Include="GameScene.h" />
    <ClInclude Include="Log.h" />
    <ClInclude Include="MatrixStack.h" />
    <ClInclude Include="Model.h" />
    <ClInclude Include="RTXTestScene.h" />
    <ClInclude Include="Renderer2D.h" />
    <ClInclude Include="Scene.h" />
    <ClInclude Include="ShaderProgram.h" />
    <ClInclude Include="Stage.h" />
    <ClInclude Include="Texture.h" />
    <ClInclude Include="VertexArray.h" />
    <ClInclude Include="WafefrontLoader.h" />
    <ClInclude Include="SplashScene.h" />
    <ClInclude Include="MenuScene.h" />
    <ClInclude Include="SkyGenerator.h" />
    <ClInclude Include="BlurFilter.h" />
    <ClInclude Include="StageClearScene.h" />
    <ClInclude Include="StageCodeHelper.h" />
  </ItemGroup>
  <ItemGroup>
    <ClCompile Include="Application.cpp" />
    <ClCompile Include="Assets.cpp" />
    <ClCompile Include="Audio.cpp" />
    <ClCompile Include="BsfPch.cpp" />
    <ClCompile Include="CharacterAnimator.cpp" />
    <ClCompile Include="Common.cpp" />
    <ClCompile Include="CubeCamera.cpp" />
    <ClCompile Include="DisclaimerScene.cpp" />
    <ClCompile Include="Font.cpp" />
    <ClCompile Include="Framebuffer.cpp" />
    <ClCompile Include="GameLogic.cpp" />
    <ClCompile Include="GameScene.cpp" />
    <ClCompile Include="Main.cpp" />
    <ClCompile Include="MatrixStack.cpp" />
    <ClCompile Include="Model.cpp" />
    <ClCompile Include="RTXTestScene.cpp" />
    <ClCompile Include="Renderer2D.cpp" />
    <ClCompile Include="Scene.cpp" />
    <ClCompile Include="ShaderProgram.cpp" />
    <ClCompile Include="Stage.cpp" />
    <ClCompile Include="Texture.cpp" />
    <ClCompile Include="VertexArray.cpp" />
    <ClCompile Include="WafefrontLoader.cpp" />
    <ClCompile Include="SplashScene.cpp" />
    <ClCompile Include="MenuScene.cpp" />
    <ClCompile Include="SkyGenerator.cpp" />
    <ClCompile Include="BlurFilter.cpp" />
    <ClCompile Include="StageClearScene.cpp" />
    <ClCompile Include="StageCodeHelper.cpp" />
  </ItemGroup>
</Project>